
Microsoft Visual Studio Solution File, Format Version 12.00
# Visual Studio Version 17
VisualStudioVersion = 17.0.32014.148
MinimumVisualStudioVersion = 10.0.40219.1
Project("{9A19103F-16F7-4668-BE54-9A1E7A4F7556}") = "ProSwapperLobby", "ProSwapperLobby.csproj", "{11824F3D-DAAF-4FB9-8276-67077661C328}"
EndProject
Global
	GlobalSection(SolutionConfigurationPlatforms) = preSolution
		Debug|Any CPU = Debug|Any CPU
		Release|Any CPU = Release|Any CPU
	EndGlobalSection
	GlobalSection(ProjectConfigurationPlatforms) = postSolution
		{11824F3D-DAAF-4FB9-8276-67077661C328}.Debug|Any CPU.ActiveCfg = Debug|Any CPU
		{11824F3D-DAAF-4FB9-8276-67077661C328}.Debug|Any CPU.Build.0 = Debug|Any CPU
		{11824F3D-DAAF-4FB9-8276-67077661C328}.Release|Any CPU.ActiveCfg = Release|Any CPU
		{11824F3D-DAAF-4FB9-8276-67077661C328}.Release|Any CPU.Build.0 = Release|Any CPU
	EndGlobalSection
	GlobalSection(SolutionProperties) = preSolution
		HideSolutionNode = FALSE
	EndGlobalSection
	GlobalSection(ExtensibilityGlobals) = postSolution
		SolutionGuid = {85E34CE5-F6DC-46D6-BC6E-4B31C19B3B38}
	EndGlobalSection
EndGlobal
